
Microsoft Visual Studio Solution File, Format Version 12.00
# Visual Studio Version 17
VisualStudioVersion = 17.5.33516.290
MinimumVisualStudioVersion = 10.0.40219.1
Project("{FAE04EC0-301F-11D3-BF4B-00C04F79EFBC}") = "MicrosoftSqlClientInvalidOperationException", "MicrosoftSqlClientInvalidOperationException\MicrosoftSqlClientInvalidOperationException.csproj", "{DD66858E-0A70-4FE6-81BA-AA2B8868D51B}"
EndProject
Global
	GlobalSection(SolutionConfigurationPlatforms) = preSolution
		Debug|Any CPU = Debug|Any CPU
		Release|Any CPU = Release|Any CPU
	EndGlobalSection
	GlobalSection(ProjectConfigurationPlatforms) = postSolution
		{DD66858E-0A70-4FE6-81BA-AA2B8868D51B}.Debug|Any CPU.ActiveCfg = Debug|Any CPU
		{DD66858E-0A70-4FE6-81BA-AA2B8868D51B}.Debug|Any CPU.Build.0 = Debug|Any CPU
		{DD66858E-0A70-4FE6-81BA-AA2B8868D51B}.Release|Any CPU.ActiveCfg = Release|Any CPU
		{DD66858E-0A70-4FE6-81BA-AA2B8868D51B}.Release|Any CPU.Build.0 = Release|Any CPU
	EndGlobalSection
	GlobalSection(SolutionProperties) = preSolution
		HideSolutionNode = FALSE
	EndGlobalSection
	GlobalSection(ExtensibilityGlobals) = postSolution
		SolutionGuid = {B0036AC7-4D4E-44D9-A753-7BE0557BC5BD}
	EndGlobalSection
EndGlobal
